
Microsoft Visual Studio Solution File, Format Version 12.00
# Visual Studio 15
VisualStudioVersion = 15.0.28010.2046
MinimumVisualStudioVersion = 10.0.40219.1
Project("{9A19103F-16F7-4668-BE54-9A1E7A4F7556}") = "CakeApp", "CakeApp\CakeApp.csproj", "{3094DC66-4CD4-4663-B46B-6278B55CDFE9}"
EndProject
Project("{9A19103F-16F7-4668-BE54-9A1E7A4F7556}") = "IRunesApp", "IRunes\IRunesApp.csproj", "{1FDC8172-CC48-491E-8D61-743505E2D70D}"
EndProject
Project("{9A19103F-16F7-4668-BE54-9A1E7A4F7556}") = "SIS.HTTP", "..\..\..\..\SIS-master\src\SIS.HTTP\SIS.HTTP.csproj", "{27BBBCCD-204D-4728-A973-099F65F664EC}"
EndProject
Project("{9A19103F-16F7-4668-BE54-9A1E7A4F7556}") = "SIS.WebServer", "..\..\..\..\SIS-master\src\SIS.WebServer\SIS.WebServer.csproj", "{7ACAE857-94BD-44F6-9189-553BF2670B40}"
EndProject
Project("{9A19103F-16F7-4668-BE54-9A1E7A4F7556}") = "Services", "..\..\..\..\SIS-master\src\Services\Services.csproj", "{2E170417-59CF-4A73-A396-66D9D4227F84}"
EndProject
Global
	GlobalSection(SolutionConfigurationPlatforms) = preSolution
		Debug|Any CPU = Debug|Any CPU
		Release|Any CPU = Release|Any CPU
	EndGlobalSection
	GlobalSection(ProjectConfigurationPlatforms) = postSolution
		{3094DC66-4CD4-4663-B46B-6278B55CDFE9}.Debug|Any CPU.ActiveCfg = Debug|Any CPU
		{3094DC66-4CD4-4663-B46B-6278B55CDFE9}.Debug|Any CPU.Build.0 = Debug|Any CPU
		{3094DC66-4CD4-4663-B46B-6278B55CDFE9}.Release|Any CPU.ActiveCfg = Release|Any CPU
		{3094DC66-4CD4-4663-B46B-6278B55CDFE9}.Release|Any CPU.Build.0 = Release|Any CPU
		{1FDC8172-CC48-491E-8D61-743505E2D70D}.Debug|Any CPU.ActiveCfg = Debug|Any CPU
		{1FDC8172-CC48-491E-8D61-743505E2D70D}.Debug|Any CPU.Build.0 = Debug|Any CPU
		{1FDC8172-CC48-491E-8D61-743505E2D70D}.Release|Any CPU.ActiveCfg = Release|Any CPU
		{1FDC8172-CC48-491E-8D61-743505E2D70D}.Release|Any CPU.Build.0 = Release|Any CPU
		{27BBBCCD-204D-4728-A973-099F65F664EC}.Debug|Any CPU.ActiveCfg = Debug|Any CPU
		{27BBBCCD-204D-4728-A973-099F65F664EC}.Debug|Any CPU.Build.0 = Debug|Any CPU
		{27BBBCCD-204D-4728-A973-099F65F664EC}.Release|Any CPU.ActiveCfg = Release|Any CPU
		{27BBBCCD-204D-4728-A973-099F65F664EC}.Release|Any CPU.Build.0 = Release|Any CPU
		{7ACAE857-94BD-44F6-9189-553BF2670B40}.Debug|Any CPU.ActiveCfg = Debug|Any CPU
		{7ACAE857-94BD-44F6-9189-553BF2670B40}.Debug|Any CPU.Build.0 = Debug|Any CPU
		{7ACAE857-94BD-44F6-9189-553BF2670B40}.Release|Any CPU.ActiveCfg = Release|Any CPU
		{7ACAE857-94BD-44F6-9189-553BF2670B40}.Release|Any CPU.Build.0 = Release|Any CPU
		{2E170417-59CF-4A73-A396-66D9D4227F84}.Debug|Any CPU.ActiveCfg = Debug|Any CPU
		{2E170417-59CF-4A73-A396-66D9D4227F84}.Debug|Any CPU.Build.0 = Debug|Any CPU
		{2E170417-59CF-4A73-A396-66D9D4227F84}.Release|Any CPU.ActiveCfg = Release|Any CPU
		{2E170417-59CF-4A73-A396-66D9D4227F84}.Release|Any CPU.Build.0 = Release|Any CPU
	EndGlobalSection
	GlobalSection(SolutionProperties) = preSolution
		HideSolutionNode = FALSE
	EndGlobalSection
	GlobalSection(ExtensibilityGlobals) = postSolution
		SolutionGuid = {19A571F3-1E20-4A3A-B33F-D3DAA904C1D8}
	EndGlobalSection
EndGlobal
